
Microsoft Visual Studio Solution File, Format Version 12.00
# Visual Studio Version 17
VisualStudioVersion = 17.0.31903.59
MinimumVisualStudioVersion = 10.0.40219.1
Project("{FAE04EC0-301F-11D3-BF4B-00C04F79EFBC}") = "BinarySearchTree.cs", "BinarySearchTree.cs\BinarySearchTree.cs.csproj", "{C627BBF1-D36E-4B47-8D49-EE9BADABBD6B}"
EndProject
Global
	GlobalSection(SolutionConfigurationPlatforms) = preSolution
		Debug|Any CPU = Debug|Any CPU
		Release|Any CPU = Release|Any CPU
	EndGlobalSection
	GlobalSection(ProjectConfigurationPlatforms) = postSolution
		{C627BBF1-D36E-4B47-8D49-EE9BADABBD6B}.Debug|Any CPU.ActiveCfg = Debug|Any CPU
		{C627BBF1-D36E-4B47-8D49-EE9BADABBD6B}.Debug|Any CPU.Build.0 = Debug|Any CPU
		{C627BBF1-D36E-4B47-8D49-EE9BADABBD6B}.Release|Any CPU.ActiveCfg = Release|Any CPU
		{C627BBF1-D36E-4B47-8D49-EE9BADABBD6B}.Release|Any CPU.Build.0 = Release|Any CPU
	EndGlobalSection
	GlobalSection(SolutionProperties) = preSolution
		HideSolutionNode = FALSE
	EndGlobalSection
	GlobalSection(ExtensibilityGlobals) = postSolution
		SolutionGuid = {BAD45CE1-E852-4A17-A0E8-C63A77D4432B}
	EndGlobalSection
EndGlobal
